// !$*UTF8*$!
{
	archiveVersion = 1;
	classes = {
	};
	objectVersion = 50;
	objects = {

/* Begin PBXBuildFile section */
		2276524B229924F6001C154F /* AppDelegate.swift in Sources */ = {isa = PBXBuildFile; fileRef = 2276524A229924F6001C154F /* AppDelegate.swift */; };
		2276524D229924F6001C154F /* ViewController.swift in Sources */ = {isa = PBXBuildFile; fileRef = 2276524C229924F6001C154F /* ViewController.swift */; };
		22765250229924F6001C154F /* Main.storyboard in Resources */ = {isa = PBXBuildFile; fileRef = 2276524E229924F6001C154F /* Main.storyboard */; };
		22765252229924F7001C154F /* Assets.xcassets in Resources */ = {isa = PBXBuildFile; fileRef = 22765251229924F7001C154F /* Assets.xcassets */; };
		22765255229924F7001C154F /* LaunchScreen.storyboard in Resources */ = {isa = PBXBuildFile; fileRef = 22765253229924F7001C154F /* LaunchScreen.storyboard */; };
		22765260229924F7001C154F /* FindElementForUITestsUITests.swift in Sources */ = {isa = PBXBuildFile; fileRef = 2276525F229924F7001C154F /* FindElementForUITestsUITests.swift */; };
		2276526B229925A1001C154F /* UITestsUtilities.swift in Sources */ = {isa = PBXBuildFile; fileRef = 2276526A229925A1001C154F /* UITestsUtilities.swift */; };
/* End PBXBuildFile section */

/* Begin PBXContainerItemProxy section */
		2276525C229924F7001C154F /* PBXContainerItemProxy */ = {
			isa = PBXContainerItemProxy;
			containerPortal = 2276523F229924F6001C154F /* Project object */;
			proxyType = 1;
			remoteGlobalIDString = 22765246229924F6001C154F;
			remoteInfo = FindElementForUITests;
		};
/* End PBXContainerItemProxy section */

/* Begin PBXFileReference section */
		22765247229924F6001C154F /* FindElementForUITests.app */ = {isa = PBXFileReference; explicitFileType = wrapper.application; includeInIndex = 0; path = FindElementForUITests.app; sourceTree = BUILT_PRODUCTS_DIR; };
		2276524A229924F6001C154F /* AppDelegate.swift */ = {isa = PBXFileReference; lastKnownFileType = sourcecode.swift; path = AppDelegate.swift; sourceTree = "<group>"; };
		2276524C229924F6001C154F /* ViewController.swift */ = {isa = PBXFileReference; lastKnownFileType = sourcecode.swift; path = ViewController.swift; sourceTree = "<group>"; };
		2276524F229924F6001C154F /* Base */ = {isa = PBXFileReference; lastKnownFileType = file.storyboard; name = Base; path = Base.lproj/Main.storyboard; sourceTree = "<group>"; };
		22765251229924F7001C154F /* Assets.xcassets */ = {isa = PBXFileReference; lastKnownFileType = folder.assetcatalog; path = Assets.xcassets; sourceTree = "<group>"; };
		22765254229924F7001C154F /* Base */ = {isa = PBXFileReference; lastKnownFileType = file.storyboard; name = Base; path = Base.lproj/LaunchScreen.storyboard; sourceTree = "<group>"; };
		22765256229924F7001C154F /* Info.plist */ = {isa = PBXFileReference; lastKnownFileType = text.plist.xml; path = Info.plist; sourceTree = "<group>"; };
		2276525B229924F7001C154F /* FindElementForUITestsUITests.xctest */ = {isa = PBXFileReference; explicitFileType = wrapper.cfbundle; includeInIndex = 0; path = FindElementForUITestsUITests.xctest; sourceTree = BUILT_PRODUCTS_DIR; };
		2276525F229924F7001C154F /* FindElementForUITestsUITests.swift */ = {isa = PBXFileReference; lastKnownFileType = sourcecode.swift; path = FindElementForUITestsUITests.swift; sourceTree = "<group>"; };
		22765261229924F7001C154F /* Info.plist */ = {isa = PBXFileReference; lastKnownFileType = text.plist.xml; path = Info.plist; sourceTree = "<group>"; };
		2276526A229925A1001C154F /* UITestsUtilities.swift */ = {isa = PBXFileReference; fileEncoding = 4; lastKnownFileType = sourcecode.swift; path = UITestsUtilities.swift; sourceTree = "<group>"; };
/* End PBXFileReference section */

/* Begin PBXFrameworksBuildPhase section */
		22765244229924F6001C154F /* Frameworks */ = {
			isa = PBXFrameworksBuildPhase;
			buildActionMask = 2147483647;
			files = (
			);
			runOnlyForDeploymentPostprocessing = 0;
		};
		22765258229924F7001C154F /* Frameworks */ = {
			isa = PBXFrameworksBuildPhase;
			buildActionMask = 2147483647;
			files = (
			);
			runOnlyForDeploymentPostprocessing = 0;
		};
/* End PBXFrameworksBuildPhase section */

/* Begin PBXGroup section */
		2276523E229924F6001C154F = {
			isa = PBXGroup;
			children = (
				22765249229924F6001C154F /* FindElementForUITests */,
				2276525E229924F7001C154F /* FindElementForUITestsUITests */,
				22765248229924F6001C154F /* Products */,
			);
			sourceTree = "<group>";
		};
		22765248229924F6001C154F /* Products */ = {
			isa = PBXGroup;
			children = (
				22765247229924F6001C154F /* FindElementForUITests.app */,
				2276525B229924F7001C154F /* FindElementForUITestsUITests.xctest */,
			);
			name = Products;
			sourceTree = "<group>";
		};
		22765249229924F6001C154F /* FindElementForUITests */ = {
			isa = PBXGroup;
			children = (
				2276524A229924F6001C154F /* AppDelegate.swift */,
				2276524C229924F6001C154F /* ViewController.swift */,
				2276524E229924F6001C154F /* Main.storyboard */,
				22765251229924F7001C154F /* Assets.xcassets */,
				22765253229924F7001C154F /* LaunchScreen.storyboard */,
				22765256229924F7001C154F /* Info.plist */,
			);
			path = FindElementForUITests;
			sourceTree = "<group>";
		};
		2276525E229924F7001C154F /* FindElementForUITestsUITests */ = {
			isa = PBXGroup;
			children = (
				2276526A229925A1001C154F /* UITestsUtilities.swift */,
				2276525F229924F7001C154F /* FindElementForUITestsUITests.swift */,
				22765261229924F7001C154F /* Info.plist */,
			);
			path = FindElementForUITestsUITests;
			sourceTree = "<group>";
		};
/* End PBXGroup section */

/* Begin PBXNativeTarget section */
		22765246229924F6001C154F /* FindElementForUITests */ = {
			isa = PBXNativeTarget;
			buildConfigurationList = 22765264229924F7001C154F /* Build configuration list for PBXNativeTarget "FindElementForUITests" */;
			buildPhases = (
				22765243229924F6001C154F /* Sources */,
				22765244229924F6001C154F /* Frameworks */,
				22765245229924F6001C154F /* Resources */,
			);
			buildRules = (
			);
			dependencies = (
			);
			name = FindElementForUITests;
			productName = FindElementForUITests;
			productReference = 22765247229924F6001C154F /* FindElementForUITests.app */;
			productType = "com.apple.product-type.application";
		};
		2276525A229924F7001C154F /* FindElementForUITestsUITests */ = {
			isa = PBXNativeTarget;
			buildConfigurationList = 22765267229924F7001C154F /* Build configuration list for PBXNativeTarget "FindElementForUITestsUITests" */;
			buildPhases = (
				22765257229924F7001C154F /* Sources */,
				22765258229924F7001C154F /* Frameworks */,
				22765259229924F7001C154F /* Resources */,
			);
			buildRules = (
			);
			dependencies = (
				2276525D229924F7001C154F /* PBXTargetDependency */,
			);
			name = FindElementForUITestsUITests;
			productName = FindElementForUITestsUITests;
			productReference = 2276525B229924F7001C154F /* FindElementForUITestsUITests.xctest */;
			productType = "com.apple.product-type.bundle.ui-testing";
		};
/* End PBXNativeTarget section */

/* Begin PBXProject section */
		2276523F229924F6001C154F /* Project object */ = {
			isa = PBXProject;
			attributes = {
				LastSwiftUpdateCheck = 1010;
				LastUpgradeCheck = 1010;
				ORGANIZATIONNAME = "Sylvia Shen";
				TargetAttributes = {
					22765246229924F6001C154F = {
						CreatedOnToolsVersion = 10.1;
					};
					2276525A229924F7001C154F = {
						CreatedOnToolsVersion = 10.1;
						TestTargetID = 22765246229924F6001C154F;
					};
				};
			};
			buildConfigurationList = 22765242229924F6001C154F /* Build configuration list for PBXProject "FindElementForUITests" */;
			compatibilityVersion = "Xcode 9.3";
			developmentRegion = en;
			hasScannedForEncodings = 0;
			knownRegions = (
				en,
				Base,
			);
			mainGroup = 2276523E229924F6001C154F;
			productRefGroup = 22765248229924F6001C154F /* Products */;
			projectDirPath = "";
			projectRoot = "";
			targets = (
				22765246229924F6001C154F /* FindElementForUITests */,
				2276525A229924F7001C154F /* FindElementForUITestsUITests */,
			);
		};
/* End PBXProject section */

/* Begin PBXResourcesBuildPhase section */
		22765245229924F6001C154F /* Resources */ = {
			isa = PBXResourcesBuildPhase;
			buildActionMask = 2147483647;
			files = (
				22765255229924F7001C154F /* LaunchScreen.storyboard in Resources */,
				22765252229924F7001C154F /* Assets.xcassets in Resources */,
				22765250229924F6001C154F /* Main.storyboard in Resources */,
			);
			runOnlyForDeploymentPostprocessing = 0;
		};
		22765259229924F7001C154F /* Resources */ = {
			isa = PBXResourcesBuildPhase;
			buildActionMask = 2147483647;
			files = (
			);
			runOnlyForDeploymentPostprocessing = 0;
		};
/* End PBXResourcesBuildPhase section */

/* Begin PBXSourcesBuildPhase section */
		22765243229924F6001C154F /* Sources */ = {
			isa = PBXSourcesBuildPhase;
			buildActionMask = 2147483647;
			files = (
				2276524D229924F6001C154F /* ViewController.swift in Sources */,
				2276524B229924F6001C154F /* AppDelegate.swift in Sources */,
			);
			runOnlyForDeploymentPostprocessing = 0;
		};
		22765257229924F7001C154F /* Sources */ = {
			isa = PBXSourcesBuildPhase;
			buildActionMask = 2147483647;
			files = (
				2276526B229925A1001C154F /* UITestsUtilities.swift in Sources */,
				22765260229924F7001C154F /* FindElementForUITestsUITests.swift in Sources */,
			);
			runOnlyForDeploymentPostprocessing = 0;
		};
/* End PBXSourcesBuildPhase section */

/* Begin PBXTargetDependency section */
		2276525D229924F7001C154F /* PBXTargetDependency */ = {
			isa = PBXTargetDependency;
			target = 22765246229924F6001C154F /* FindElementForUITests */;
			targetProxy = 2276525C229924F7001C154F /* PBXContainerItemProxy */;
		};
/* End PBXTargetDependency section */

/* Begin PBXVariantGroup section */
		2276524E229924F6001C154F /* Main.storyboard */ = {
			isa = PBXVariantGroup;
			children = (
				2276524F229924F6001C154F /* Base */,
			);
			name = Main.storyboard;
			sourceTree = "<group>";
		};
		22765253229924F7001C154F /* LaunchScreen.storyboard */ = {
			isa = PBXVariantGroup;
			children = (
				22765254229924F7001C154F /* Base */,
			);
			name = LaunchScreen.storyboard;
			sourceTree = "<group>";
		};
/* End PBXVariantGroup section */

/* Begin XCBuildConfiguration section */
		22765262229924F7001C154F /* Debug */ = {
			isa = XCBuildConfiguration;
			buildSettings = {
				ALWAYS_SEARCH_USER_PATHS = NO;
				CLANG_ANALYZER_NONNULL = YES;
				CLANG_ANALYZER_NUMBER_OBJECT_CONVERSION = YES_AGGRESSIVE;
				CLANG_CXX_LANGUAGE_STANDARD = "gnu++14";
				CLANG_CXX_LIBRARY = "libc++";
				CLANG_ENABLE_MODULES = YES;
				CLANG_ENABLE_OBJC_ARC = YES;
				CLANG_ENABLE_OBJC_WEAK = YES;
				CLANG_WARN_BLOCK_CAPTURE_AUTORELEASING = YES;
				CLANG_WARN_BOOL_CONVERSION = YES;
				CLANG_WARN_COMMA = YES;
				CLANG_WARN_CONSTANT_CONVERSION = YES;
				CLANG_WARN_DEPRECATED_OBJC_IMPLEMENTATIONS = YES;
				CLANG_WARN_DIRECT_OBJC_ISA_USAGE = YES_ERROR;
				CLANG_WARN_DOCUMENTATION_COMMENTS = YES;
				CLANG_WARN_EMPTY_BODY = YES;
				CLANG_WARN_ENUM_CONVERSION = YES;
				CLANG_WARN_INFINITE_RECURSION = YES;
				CLANG_WARN_INT_CONVERSION = YES;
				CLANG_WARN_NON_LITERAL_NULL_CONVERSION = YES;
				CLANG_WARN_OBJC_IMPLICIT_RETAIN_SELF = YES;
				CLANG_WARN_OBJC_LITERAL_CONVERSION = YES;
				CLANG_WARN_OBJC_ROOT_CLASS = YES_ERROR;
				CLANG_WARN_RANGE_LOOP_ANALYSIS = YES;
				CLANG_WARN_STRICT_PROTOTYPES = YES;
				CLANG_WARN_SUSPICIOUS_MOVE = YES;
				CLANG_WARN_UNGUARDED_AVAILABILITY = YES_AGGRESSIVE;
				CLANG_WARN_UNREACHABLE_CODE = YES;
				CLANG_WARN__DUPLICATE_METHOD_MATCH = YES;
				CODE_SIGN_IDENTITY = "iPhone Developer";
				COPY_PHASE_STRIP = NO;
				DEBUG_INFORMATION_FORMAT = dwarf;
				ENABLE_STRICT_OBJC_MSGSEND = YES;
				ENABLE_TESTABILITY = YES;
				GCC_C_LANGUAGE_STANDARD = gnu11;
				GCC_DYNAMIC_NO_PIC = NO;
				GCC_NO_COMMON_BLOCKS = YES;
				GCC_OPTIMIZATION_LEVEL = 0;
				GCC_PREPROCESSOR_DEFINITIONS = (
					"DEBUG=1",
					"$(inherited)",
				);
				GCC_WARN_64_TO_32_BIT_CONVERSION = YES;
				GCC_WARN_ABOUT_RETURN_TYPE = YES_ERROR;
				GCC_WARN_UNDECLARED_SELECTOR = YES;
				GCC_WARN_UNINITIALIZED_AUTOS = YES_AGGRESSIVE;
				GCC_WARN_UNUSED_FUNCTION = YES;
				GCC_WARN_UNUSED_VARIABLE = YES;
				IPHONEOS_DEPLOYMENT_TARGET = 12.1;
				MTL_ENABLE_DEBUG_INFO = INCLUDE_SOURCE;
				MTL_FAST_MATH = YES;
				ONLY_ACTIVE_ARCH = YES;
				SDKROOT = iphoneos;
				SWIFT_ACTIVE_COMPILATION_CONDITIONS = DEBUG;
				SWIFT_OPTIMIZATION_LEVEL = "-Onone";
			};
			name = Debug;
		};
		22765263229924F7001C154F /* Release */ = {
			isa = XCBuildConfiguration;
			buildSettings = {
				ALWAYS_SEARCH_USER_PATHS = NO;
				CLANG_ANALYZER_NONNULL = YES;
				CLANG_ANALYZER_NUMBER_OBJECT_CONVERSION = YES_AGGRESSIVE;
				CLANG_CXX_LANGUAGE_STANDARD = "gnu++14";
				CLANG_CXX_LIBRARY = "libc++";
				CLANG_ENABLE_MODULES = YES;
				CLANG_ENABLE_OBJC_ARC = YES;
				CLANG_ENABLE_OBJC_WEAK = YES;
				CLANG_WARN_BLOCK_CAPTURE_AUTORELEASING = YES;
				CLANG_WARN_BOOL_CONVERSION = YES;
				CLANG_WARN_COMMA = YES;
				CLANG_WARN_CONSTANT_CONVERSION = YES;
				CLANG_WARN_DEPRECATED_OBJC_IMPLEMENTATIONS = YES;
				CLANG_WARN_DIRECT_OBJC_ISA_USAGE = YES_ERROR;
				CLANG_WARN_DOCUMENTATION_COMMENTS = YES;
				CLANG_WARN_EMPTY_BODY = YES;
				CLANG_WARN_ENUM_CONVERSION = YES;
				CLANG_WARN_INFINITE_RECURSION = YES;
				CLANG_WARN_INT_CONVERSION = YES;
				CLANG_WARN_NON_LITERAL_NULL_CONVERSION = YES;
				CLANG_WARN_OBJC_IMPLICIT_RETAIN_SELF = YES;
				CLANG_WARN_OBJC_LITERAL_CONVERSION = YES;
				CLANG_WARN_OBJC_ROOT_CLASS = YES_ERROR;
				CLANG_WARN_RANGE_LOOP_ANALYSIS = YES;
				CLANG_WARN_STRICT_PROTOTYPES = YES;
				CLANG_WARN_SUSPICIOUS_MOVE = YES;
				CLANG_WARN_UNGUARDED_AVAILABILITY = YES_AGGRESSIVE;
				CLANG_WARN_UNREACHABLE_CODE = YES;
				CLANG_WARN__DUPLICATE_METHOD_MATCH = YES;
				CODE_SIGN_IDENTITY = "iPhone Developer";
				COPY_PHASE_STRIP = NO;
				DEBUG_INFORMATION_FORMAT = "dwarf-with-dsym";
				ENABLE_NS_ASSERTIONS = NO;
				ENABLE_STRICT_OBJC_MSGSEND = YES;
				GCC_C_LANGUAGE_STANDARD = gnu11;
				GCC_NO_COMMON_BLOCKS = YES;
				GCC_WARN_64_TO_32_BIT_CONVERSION = YES;
				GCC_WARN_ABOUT_RETURN_TYPE = YES_ERROR;
				GCC_WARN_UNDECLARED_SELECTOR = YES;
				GCC_WARN_UNINITIALIZED_AUTOS = YES_AGGRESSIVE;
				GCC_WARN_UNUSED_FUNCTION = YES;
				GCC_WARN_UNUSED_VARIABLE = YES;
				IPHONEOS_DEPLOYMENT_TARGET = 12.1;
				MTL_ENABLE_DEBUG_INFO = NO;
				MTL_FAST_MATH = YES;
				SDKROOT = iphoneos;
				SWIFT_COMPILATION_MODE = wholemodule;
				SWIFT_OPTIMIZATION_LEVEL = "-O";
				VALIDATE_PRODUCT = YES;
			};
			name = Release;
		};
		22765265229924F7001C154F /* Debug */ = {
			isa = XCBuildConfiguration;
			buildSettings = {
				ASSETCATALOG_COMPILER_APPICON_NAME = AppIcon;
				CODE_SIGN_STYLE = Automatic;
				INFOPLIST_FILE = FindElementForUITests/Info.plist;
				LD_RUNPATH_SEARCH_PATHS = (
					"$(inherited)",
					"@executable_path/Frameworks",
				);
				PRODUCT_BUNDLE_IDENTIFIER = com.sylviashen.FindElementForUITests;
				PRODUCT_NAME = "$(TARGET_NAME)";
				SWIFT_VERSION = 4.2;
				TARGETED_DEVICE_FAMILY = "1,2";
			};
			name = Debug;
		};
		22765266229924F7001C154F /* Release */ = {
			isa = XCBuildConfiguration;
			buildSettings = {
				ASSETCATALOG_COMPILER_APPICON_NAME = AppIcon;
				CODE_SIGN_STYLE = Automatic;
				INFOPLIST_FILE = FindElementForUITests/Info.plist;
				LD_RUNPATH_SEARCH_PATHS = (
					"$(inherited)",
					"@executable_path/Frameworks",
				);
				PRODUCT_BUNDLE_IDENTIFIER = com.sylviashen.FindElementForUITests;
				PRODUCT_NAME = "$(TARGET_NAME)";
				SWIFT_VERSION = 4.2;
				TARGETED_DEVICE_FAMILY = "1,2";
			};
			name = Release;
		};
		22765268229924F7001C154F /* Debug */ = {
			isa = XCBuildConfiguration;
			buildSettings = {
				ALWAYS_EMBED_SWIFT_STANDARD_LIBRARIES = YES;
				CODE_SIGN_STYLE = Automatic;
				INFOPLIST_FILE = FindElementForUITestsUITests/Info.plist;
				LD_RUNPATH_SEARCH_PATHS = (
					"$(inherited)",
					"@executable_path/Frameworks",
					"@loader_path/Frameworks",
				);
				PRODUCT_BUNDLE_IDENTIFIER = com.sylviashen.FindElementForUITestsUITests;
				PRODUCT_NAME = "$(TARGET_NAME)";
				SWIFT_VERSION = 4.2;
				TARGETED_DEVICE_FAMILY = "1,2";
				TEST_TARGET_NAME = FindElementForUITests;
			};
			name = Debug;
		};
		22765269229924F7001C154F /* Release */ = {
			isa = XCBuildConfiguration;
			buildSettings = {
				ALWAYS_EMBED_SWIFT_STANDARD_LIBRARIES = YES;
				CODE_SIGN_STYLE = Automatic;
				INFOPLIST_FILE = FindElementForUITestsUITests/Info.plist;
				LD_RUNPATH_SEARCH_PATHS = (
					"$(inherited)",
					"@executable_path/Frameworks",
					"@loader_path/Frameworks",
				);
				PRODUCT_BUNDLE_IDENTIFIER = com.sylviashen.FindElementForUITestsUITests;
				PRODUCT_NAME = "$(TARGET_NAME)";
				SWIFT_VERSION = 4.2;
				TARGETED_DEVICE_FAMILY = "1,2";
				TEST_TARGET_NAME = FindElementForUITests;
			};
			name = Release;
		};
/* End XCBuildConfiguration section */

/* Begin XCConfigurationList section */
		22765242229924F6001C154F /* Build configuration list for PBXProject "FindElementForUITests" */ = {
			isa = XCConfigurationList;
			buildConfigurations = (
				22765262229924F7001C154F /* Debug */,
				22765263229924F7001C154F /* Release */,
			);
			defaultConfigurationIsVisible = 0;
			defaultConfigurationName = Release;
		};
		22765264229924F7001C154F /* Build configuration list for PBXNativeTarget "FindElementForUITests" */ = {
			isa = XCConfigurationList;
			buildConfigurations = (
				22765265229924F7001C154F /* Debug */,
				22765266229924F7001C154F /* Release */,
			);
			defaultConfigurationIsVisible = 0;
			defaultConfigurationName = Release;
		};
		22765267229924F7001C154F /* Build configuration list for PBXNativeTarget "FindElementForUITestsUITests" */ = {
			isa = XCConfigurationList;
			buildConfigurations = (
				22765268229924F7001C154F /* Debug */,
				22765269229924F7001C154F /* Release */,
			);
			defaultConfigurationIsVisible = 0;
			defaultConfigurationName = Release;
		};
/* End XCConfigurationList section */
	};
	rootObject = 2276523F229924F6001C154F /* Project object */;
}
